{
  "name": "is-word",
  "version": "1.0.3",
  "lockfileVersion": 2,
  "requires": true,
  "packages": {
    "": {
      "name": "is-word",
      "version": "1.0.3",
      "license": "ISC",
      "dependencies": {
        "is-word": "^1.0.4"
      }
    },
    "node_modules/is-word": {
      "version": "1.0.4",
      "resolved": "https://registry.npmjs.org/is-word/-/is-word-1.0.4.tgz",
      "integrity": "sha512-AKiRceZqb0c8o028B72FoF2/HesPHsMxFQu/pDRaKGTBU/rCF/CnSd9D55H2nvJkPab+xs98iPexI/PwiFerlw=="
    }
  },
  "dependencies": {
    "is-word": {
      "version": "1.0.4",
      "resolved": "https://registry.npmjs.org/is-word/-/is-word-1.0.4.tgz",
      "integrity": "sha512-AKiRceZqb0c8o028B72FoF2/HesPHsMxFQu/pDRaKGTBU/rCF/CnSd9D55H2nvJkPab+xs98iPexI/PwiFerlw=="
    }
  }
}
